
Microsoft Visual Studio Solution File, Format Version 12.00
# Visual Studio Version 16
VisualStudioVersion = 16.0.34301.259
MinimumVisualStudioVersion = 10.0.40219.1
Project("{FAE04EC0-301F-11D3-BF4B-00C04F79EFBC}") = "To Do List", "To Do List.csproj", "{D0DCE0FB-39EE-4225-AE6E-2B39D4B28EFA}"
EndProject
Global
	GlobalSection(SolutionConfigurationPlatforms) = preSolution
		Debug|Any CPU = Debug|Any CPU
		Release|Any CPU = Release|Any CPU
	EndGlobalSection
	GlobalSection(ProjectConfigurationPlatforms) = postSolution
		{D0DCE0FB-39EE-4225-AE6E-2B39D4B28EFA}.Debug|Any CPU.ActiveCfg = Debug|Any CPU
		{D0DCE0FB-39EE-4225-AE6E-2B39D4B28EFA}.Debug|Any CPU.Build.0 = Debug|Any CPU
		{D0DCE0FB-39EE-4225-AE6E-2B39D4B28EFA}.Release|Any CPU.ActiveCfg = Release|Any CPU
		{D0DCE0FB-39EE-4225-AE6E-2B39D4B28EFA}.Release|Any CPU.Build.0 = Release|Any CPU
	EndGlobalSection
	GlobalSection(SolutionProperties) = preSolution
		HideSolutionNode = FALSE
	EndGlobalSection
	GlobalSection(ExtensibilityGlobals) = postSolution
		SolutionGuid = {7D276CB7-07F0-431C-B5BD-FE63C196D393}
	EndGlobalSection
EndGlobal
